PODS:
  - EEEEventKitBuffer (0.1.0):
    - EEEEventKitBuffer/Buffering
    - EEEEventKitBuffer/Model
  - EEEEventKitBuffer/Buffering (0.1.0):
    - EEEEventKitBuffer/Model
  - EEEEventKitBuffer/Model (0.1.0)
  - Kiwi (2.3.0)

DEPENDENCIES:
  - EEEEventKitBuffer (from `../`)
  - Kiwi

EXTERNAL SOURCES:
  EEEEventKitBuffer:
    :path: ../

SPEC CHECKSUMS:
  EEEEventKitBuffer: 5170a38e70ad46498518284ddd8cb95b331963bc
  Kiwi: 54bece5b35564d9b8e03c608d926f1a22fcfc589

COCOAPODS: 0.33.1
